
Microsoft Visual Studio Solution File, Format Version 12.00
# Visual Studio Version 17
VisualStudioVersion = 17.4.33205.214
MinimumVisualStudioVersion = 10.0.40219.1
Project("{FAE04EC0-301F-11D3-BF4B-00C04F79EFBC}") = "LibOrbisPkg", "LibOrbisPkg\LibOrbisPkg.csproj", "{C324B8CA-173F-46A1-AA81-F3BCABB2ECC3}"
EndProject
Project("{FAE04EC0-301F-11D3-BF4B-00C04F79EFBC}") = "LibOrbisPkgTests", "LibOrbisPkgTests\LibOrbisPkgTests.csproj", "{557BF56D-19F7-455F-AA18-C19E8AB3BAF8}"
EndProject
Global
	GlobalSection(SolutionConfigurationPlatforms) = preSolution
		Debug|x64 = Debug|x64
		Release|x64 = Release|x64
	EndGlobalSection
	GlobalSection(ProjectConfigurationPlatforms) = postSolution
		{C324B8CA-173F-46A1-AA81-F3BCABB2ECC3}.Debug|x64.ActiveCfg = Debug|x64
		{C324B8CA-173F-46A1-AA81-F3BCABB2ECC3}.Debug|x64.Build.0 = Debug|x64
		{C324B8CA-173F-46A1-AA81-F3BCABB2ECC3}.Release|x64.ActiveCfg = Release|x64
		{C324B8CA-173F-46A1-AA81-F3BCABB2ECC3}.Release|x64.Build.0 = Release|x64
		{557BF56D-19F7-455F-AA18-C19E8AB3BAF8}.Debug|x64.ActiveCfg = Debug|x64
		{557BF56D-19F7-455F-AA18-C19E8AB3BAF8}.Debug|x64.Build.0 = Debug|x64
		{557BF56D-19F7-455F-AA18-C19E8AB3BAF8}.Release|x64.ActiveCfg = Release|x64
		{557BF56D-19F7-455F-AA18-C19E8AB3BAF8}.Release|x64.Build.0 = Release|x64
	EndGlobalSection
	GlobalSection(SolutionProperties) = preSolution
		HideSolutionNode = FALSE
	EndGlobalSection
	GlobalSection(ExtensibilityGlobals) = postSolution
		SolutionGuid = {8F72AB96-F320-48E5-ABB9-6F695B6D6AFE}
	EndGlobalSection
EndGlobal
